// !$*UTF8*$!
{
	archiveVersion = 1;
	classes = {
	};
	objectVersion = 77;
	objects = {

/* Begin PBXBuildFile section */
		00802EC06DBB1CDFC130B1C4 /* Technique.swift in Sources */ = {isa = PBXBuildFile; fileRef = D4656CCEBAF2A6A3A0C06D5E /* Technique.swift */; };
		01C3DEEA4574A14B3975C2F3 /* ToneSynth.swift in Sources */ = {isa = PBXBuildFile; fileRef = 367178AF682AEF3AB90EE73E /* ToneSynth.swift */; };
		054020AF5CEC241FF89F0B0A /* CompanyProfileView.swift in Sources */ = {isa = PBXBuildFile; fileRef = 032A67D60E2C5A1F9135272F /* CompanyProfileView.swift */; };
		05C55F4896805378FD009099 /* SparringFlowUITests.swift in Sources */ = {isa = PBXBuildFile; fileRef = BC4344D66BB719642D8B93B7 /* SparringFlowUITests.swift */; };
		0B1870F896887749FAFE7115 /* AIConsentSheet.swift in Sources */ = {isa = PBXBuildFile; fileRef = 2B9A8E162D21C512FF26BFD4 /* AIConsentSheet.swift */; };
		0CF89FFE28F7F2648AC9E3F7 /* TitleBadge.swift in Sources */ = {isa = PBXBuildFile; fileRef = 12AF68B176587F559D573D2D /* TitleBadge.swift */; };
		10A818AFBA4B01BC3691C055 /* RatingTrajectory.swift in Sources */ = {isa = PBXBuildFile; fileRef = 20B2623EE4870DB1296EA58A /* RatingTrajectory.swift */; };
		1B2FEC3AE80CC8460A7DD0AF /* GameHistoryDetailView.swift in Sources */ = {isa = PBXBuildFile; fileRef = A5E03B0DE1CCB8737079157B /* GameHistoryDetailView.swift */; };
		237BDEB9C33DC5D05600D8B5 /* MissReviewView.swift in Sources */ = {isa = PBXBuildFile; fileRef = 7D0F1E4B7C27B04ACBF57394 /* MissReviewView.swift */; };
		286BA3068C922EC9976A180D /* Persona.swift in Sources */ = {isa = PBXBuildFile; fileRef = 76D8BB57E3FB6864C7A708E2 /* Persona.swift */; };
		2A736994298DB6955952684F /* Eval.swift in Sources */ = {isa = PBXBuildFile; fileRef = 056B3740A3F2492B4F6C524B /* Eval.swift */; };
		3284A5E5C7AC23DB6C3BF743 /* FrameForkApp.swift in Sources */ = {isa = PBXBuildFile; fileRef = F3C282226DA03E5F47D16311 /* FrameForkApp.swift */; };
		3991F70424A8457A12415D66 /* Techniques.swift in Sources */ = {isa = PBXBuildFile; fileRef = D851339D08442110151A39DD /* Techniques.swift */; };
		4C869E8CD52388F47F10C0AA /* PaywallView.swift in Sources */ = {isa = PBXBuildFile; fileRef = 9DB6020005DEEB7F046566F3 /* PaywallView.swift */; };
		4D7F3E3FE91B813D72BCC7D8 /* Transcript.swift in Sources */ = {isa = PBXBuildFile; fileRef = 54908C328B57E350F6C5DD0F /* Transcript.swift */; };
		532DB3A2FB694501CA17366C /* PrimaryButton.swift in Sources */ = {isa = PBXBuildFile; fileRef = A750ABF68E6F2F95708AFFE0 /* PrimaryButton.swift */; };
		53397EB31B14122C79F03D04 /* LessonsTab.swift in Sources */ = {isa = PBXBuildFile; fileRef = 30522C6D9ED9B62E235E7FA3 /* LessonsTab.swift */; };
		533BF6367627B96149F0C752 /* SafetySpineTests.swift in Sources */ = {isa = PBXBuildFile; fileRef = E6192F27BB239B044C4F3796 /* SafetySpineTests.swift */; };
		5AD61BDAC548DB5D5C6BA531 /* Typography.swift in Sources */ = {isa = PBXBuildFile; fileRef = 3CF51837D9938CB27DBCA06A /* Typography.swift */; };
		5D976DDBF3F8E34ADA246060 /* LessonDetailView.swift in Sources */ = {isa = PBXBuildFile; fileRef = 5CE14E0DF3A2454CD557BFA8 /* LessonDetailView.swift */; };
		6504A13D05F4CBEEE5465D06 /* Verdict.swift in Sources */ = {isa = PBXBuildFile; fileRef = 4A591EE0BA7E2E2C42E4997D /* Verdict.swift */; };
		6E8B7B1722158050C812D086 /* Glicko2.swift in Sources */ = {isa = PBXBuildFile; fileRef = 5FA42E309B90572DCBEC6D1E /* Glicko2.swift */; };
		780295C7C1076EDF1E7F789B /* MasterGames.swift in Sources */ = {isa = PBXBuildFile; fileRef = 1F99EA89A6A442CAB4323825 /* MasterGames.swift */; };
		7BB55540D0606FA7446CD1C0 /* OnboardingView.swift in Sources */ = {isa = PBXBuildFile; fileRef = 90D76D6BCD5101570A81000E /* OnboardingView.swift */; };
		7BB7C66619F79EA2E6AA3CBC /* TranscriptSheet.swift in Sources */ = {isa = PBXBuildFile; fileRef = 4FF23B5CE32E6033AFBC52FF /* TranscriptSheet.swift */; };
		7C3BF0350E2BB7369336C4B0 /* SparringArc.swift in Sources */ = {isa = PBXBuildFile; fileRef = D043F382DC53551837731FFD /* SparringArc.swift */; };
		80F534EA9C2ED3740D38E32A /* Puzzle.swift in Sources */ = {isa = PBXBuildFile; fileRef = 4107B3D3078F39592C7E7F30 /* Puzzle.swift */; };
		84AEE923EA3AF935BBBE9DF3 /* PreGameView.swift in Sources */ = {isa = PBXBuildFile; fileRef = EFC59B171E990662163049DA /* PreGameView.swift */; };
		8653436BA23B95D315D7823B /* TechniquePlainTests.swift in Sources */ = {isa = PBXBuildFile; fileRef = 37590D7A9CB548A0D3C2A57F /* TechniquePlainTests.swift */; };
		868593CB9B1FBE17192FA8E2 /* AIConsent.swift in Sources */ = {isa = PBXBuildFile; fileRef = D8DE88FD4FECF4DAE17CA497 /* AIConsent.swift */; };
		87B69F60BDFC20BA4E28EE6F /* PuzzleBankInvariantTests.swift in Sources */ = {isa = PBXBuildFile; fileRef = 8CF2E39162C00DE2FB49B090 /* PuzzleBankInvariantTests.swift */; };
		894A4556B5C8A09FDD4CD9F6 /* BrandColors.swift in Sources */ = {isa = PBXBuildFile; fileRef = CE1730A32AB636F304269C91 /* BrandColors.swift */; };
		8BCEC6E9600481DAD026EAC3 /* CompanyProfile.swift in Sources */ = {isa = PBXBuildFile; fileRef = 3F048C2059E8C358EE8D1BD6 /* CompanyProfile.swift */; };
		8E73E47A51A6098270FF0AC7 /* WatchTab.swift in Sources */ = {isa = PBXBuildFile; fileRef = CA0BD62F36AAD834CB5601B1 /* WatchTab.swift */; };
		90269AD7AFE1345B393978D7 /* EvalCurveView.swift in Sources */ = {isa = PBXBuildFile; fileRef = E5A4531C78DA44C8B069C986 /* EvalCurveView.swift */; };
		91DA0CE81CCC56C2FA706920 /* SparringView.swift in Sources */ = {isa = PBXBuildFile; fileRef = 1FD06A23DB9EF6F376F53E75 /* SparringView.swift */; };
		96FFEF6085A182F3A99B4325 /* PuzzleSolveView.swift in Sources */ = {isa = PBXBuildFile; fileRef = C993EB8D0414A4BD6195466D /* PuzzleSolveView.swift */; };
		987F19F01AD27DCAB9A89990 /* Puzzles.swift in Sources */ = {isa = PBXBuildFile; fileRef = 0D647DDA23ED8176AE61BA42 /* Puzzles.swift */; };
		9C34976FBC0BD1003D2D8548 /* LiveGameView.swift in Sources */ = {isa = PBXBuildFile; fileRef = 70ADEEFCC893844434E893CC /* LiveGameView.swift */; };
		9C483BE875FCA51612891A14 /* MasterGameViewer.swift in Sources */ = {isa = PBXBuildFile; fileRef = 220775A0781B7279EF710491 /* MasterGameViewer.swift */; };
		9C4AF7D84ED34D5A2AE560FD /* puzzle-bank-invariants.json in Resources */ = {isa = PBXBuildFile; fileRef = DC969AAA3FE0B0B16EC6200B /* puzzle-bank-invariants.json */; };
		9E1E3A125CDEA12DCBDC4173 /* PuzzlesTab.swift in Sources */ = {isa = PBXBuildFile; fileRef = 6A4373BAEFA031FE46236CA5 /* PuzzlesTab.swift */; };
		9E71F7B34F312D53C8E015E5 /* World.swift in Sources */ = {isa = PBXBuildFile; fileRef = DF2BAEC4166E075A279091D1 /* World.swift */; };
		A657D1DC383F16B7F83E2E0B /* SimpleReviewView.swift in Sources */ = {isa = PBXBuildFile; fileRef = 2EA4CE19DE6F32BA93926153 /* SimpleReviewView.swift */; };
		A8E8E9888DE72EAFE2802D4A /* ShareCard.swift in Sources */ = {isa = PBXBuildFile; fileRef = F014D2147E4D1E14969CC440 /* ShareCard.swift */; };
		ABD7C7EC4D4854E8A91EC4EF /* Notifications.swift in Sources */ = {isa = PBXBuildFile; fileRef = 34E8CA62FC1180E65C20551D /* Notifications.swift */; };
		AE434DDF6AFD68872B669A7C /* AIConsentTests.swift in Sources */ = {isa = PBXBuildFile; fileRef = B5214607DD4548970765E8BD /* AIConsentTests.swift */; };
		B1B3DAD2A5F791F510A8F93D /* Storage.swift in Sources */ = {isa = PBXBuildFile; fileRef = 7BFAA185D4A03A07147683B7 /* Storage.swift */; };
		B6AA390C5D183C11FDB34208 /* DetectorLocal.swift in Sources */ = {isa = PBXBuildFile; fileRef = A460B46DAF261F28BB62490B /* DetectorLocal.swift */; };
		B78B25E1CBE9E88FE7B5255E /* Keychain.swift in Sources */ = {isa = PBXBuildFile; fileRef = C0BD00C65FA0BD0FFB5DF2FC /* Keychain.swift */; };
		BAA98E5D7D9DE5C5AE089875 /* FeatureFlags.swift in Sources */ = {isa = PBXBuildFile; fileRef = F57AB583662D8D32A672819A /* FeatureFlags.swift */; };
		C4E77E7F159B48D8C8875A75 /* RegressionTests.swift in Sources */ = {isa = PBXBuildFile; fileRef = A7C6A4267B8E6873EB275D31 /* RegressionTests.swift */; };
		C69555DD1687B78FBDFBA328 /* SubscriptionStore.swift in Sources */ = {isa = PBXBuildFile; fileRef = ABC144E40CA237C6EB16C9BE /* SubscriptionStore.swift */; };
		C7BC7E773E65BFCA31E36964 /* Transcripts.swift in Sources */ = {isa = PBXBuildFile; fileRef = 5CF8DFB5721E78D001137200 /* Transcripts.swift */; };
		CB2317FEC4F47D2317B9CC19 /* Haptics.swift in Sources */ = {isa = PBXBuildFile; fileRef = 2899BCECCBB676637F6C7A57 /* Haptics.swift */; };
		CD36A41712C5A941595BFB82 /* PlayTab.swift in Sources */ = {isa = PBXBuildFile; fileRef = 2E9607781ACDDA980BEC8526 /* PlayTab.swift */; };
		D317BC0D8DBC5A763854120A /* RolePlayJudgment.swift in Sources */ = {isa = PBXBuildFile; fileRef = C50A208D0C7DFFA5EBF51ED8 /* RolePlayJudgment.swift */; };
		D39721075AC70E7BBB40B8D6 /* EloBand.swift in Sources */ = {isa = PBXBuildFile; fileRef = 64695F2B243C569CBD43BD49 /* EloBand.swift */; };
		D89FCAC522BC1713432DBDC9 /* AnthropicClient.swift in Sources */ = {isa = PBXBuildFile; fileRef = 1E5C38B675BEAA16EFDD0E4D /* AnthropicClient.swift */; };
		DABFBBF59F2C550AAC0C815D /* Personas.swift in Sources */ = {isa = PBXBuildFile; fileRef = BCDCC8C89C39BEEF278DA158 /* Personas.swift */; };
		DE1DFA86E55BAC5253125DA7 /* Arcs.swift in Sources */ = {isa = PBXBuildFile; fileRef = 8ACD9B47D470726B72FE7DEF /* Arcs.swift */; };
		E6F345A5C856B06047D9A845 /* SettingsView.swift in Sources */ = {isa = PBXBuildFile; fileRef = A2C0265462E2A8DACFAD7D45 /* SettingsView.swift */; };
		E93C90D65DAA044A927694BE /* ProfileTab.swift in Sources */ = {isa = PBXBuildFile; fileRef = 2A9A86E2A72BF25DB6C98478 /* ProfileTab.swift */; };
		EAB9E35166231EE03442C6C1 /* Assets.xcassets in Resources */ = {isa = PBXBuildFile; fileRef = 3A6554761943D7E4BF1191E3 /* Assets.xcassets */; };
		F6BAE122405C8E23B764EF97 /* PuzzleCandidateButton.swift in Sources */ = {isa = PBXBuildFile; fileRef = 633CCA23E9DC053870DEC6AF /* PuzzleCandidateButton.swift */; };
		F7194E77697CA6ABCDC02942 /* MasterGame.swift in Sources */ = {isa = PBXBuildFile; fileRef = 506BA14443F5E9E595F47DE2 /* MasterGame.swift */; };
		F7952E9A522985453C8664F2 /* PrivacyInfo.xcprivacy in Resources */ = {isa = PBXBuildFile; fileRef = 15A75CFC6D5F149F806A7464 /* PrivacyInfo.xcprivacy */; };
		FB5DE6AAEBF524CCA581A450 /* FirstRunStringsTests.swift in Sources */ = {isa = PBXBuildFile; fileRef = C744D4A73626E638B471BB26 /* FirstRunStringsTests.swift */; };
		FF9F10DE789EC37C5D07F9BD /* RootTabView.swift in Sources */ = {isa = PBXBuildFile; fileRef = A6D7872A5C5758286A9B927A /* RootTabView.swift */; };
/* End PBXBuildFile section */

/* Begin PBXContainerItemProxy section */
		2EE7A34BE27B62BF198E65D7 /* PBXContainerItemProxy */ = {
			isa = PBXContainerItemProxy;
			containerPortal = 0879ACE8C979852F4078C28B /* Project object */;
			proxyType = 1;
			remoteGlobalIDString = EC29DB746E519058B9DCAAA1;
			remoteInfo = FrameFork;
		};
		B655E37BB462A107E14006AD /* PBXContainerItemProxy */ = {
			isa = PBXContainerItemProxy;
			containerPortal = 0879ACE8C979852F4078C28B /* Project object */;
			proxyType = 1;
			remoteGlobalIDString = EC29DB746E519058B9DCAAA1;
			remoteInfo = FrameFork;
		};
/* End PBXContainerItemProxy section */

/* Begin PBXFileReference section */
		032A67D60E2C5A1F9135272F /* CompanyProfileView.swift */ = {isa = PBXFileReference; lastKnownFileType = sourcecode.swift; path = CompanyProfileView.swift; sourceTree = "<group>"; };
		056B3740A3F2492B4F6C524B /* Eval.swift */ = {isa = PBXFileReference; lastKnownFileType = sourcecode.swift; path = Eval.swift; sourceTree = "<group>"; };
		0D647DDA23ED8176AE61BA42 /* Puzzles.swift */ = {isa = PBXFileReference; lastKnownFileType = sourcecode.swift; path = Puzzles.swift; sourceTree = "<group>"; };
		12AF68B176587F559D573D2D /* TitleBadge.swift */ = {isa = PBXFileReference; lastKnownFileType = sourcecode.swift; path = TitleBadge.swift; sourceTree = "<group>"; };
		15A75CFC6D5F149F806A7464 /* PrivacyInfo.xcprivacy */ = {isa = PBXFileReference; path = PrivacyInfo.xcprivacy; sourceTree = "<group>"; };
		1E5C38B675BEAA16EFDD0E4D /* AnthropicClient.swift */ = {isa = PBXFileReference; lastKnownFileType = sourcecode.swift; path = AnthropicClient.swift; sourceTree = "<group>"; };
		1F99EA89A6A442CAB4323825 /* MasterGames.swift */ = {isa = PBXFileReference; lastKnownFileType = sourcecode.swift; path = MasterGames.swift; sourceTree = "<group>"; };
		1FD06A23DB9EF6F376F53E75 /* SparringView.swift */ = {isa = PBXFileReference; lastKnownFileType = sourcecode.swift; path = SparringView.swift; sourceTree = "<group>"; };
		20B2623EE4870DB1296EA58A /* RatingTrajectory.swift */ = {isa = PBXFileReference; lastKnownFileType = sourcecode.swift; path = RatingTrajectory.swift; sourceTree = "<group>"; };
		220775A0781B7279EF710491 /* MasterGameViewer.swift */ = {isa = PBXFileReference; lastKnownFileType = sourcecode.swift; path = MasterGameViewer.swift; sourceTree = "<group>"; };
		2899BCECCBB676637F6C7A57 /* Haptics.swift */ = {isa = PBXFileReference; lastKnownFileType = sourcecode.swift; path = Haptics.swift; sourceTree = "<group>"; };
		2A9A86E2A72BF25DB6C98478 /* ProfileTab.swift */ = {isa = PBXFileReference; lastKnownFileType = sourcecode.swift; path = ProfileTab.swift; sourceTree = "<group>"; };
		2B9A8E162D21C512FF26BFD4 /* AIConsentSheet.swift */ = {isa = PBXFileReference; lastKnownFileType = sourcecode.swift; path = AIConsentSheet.swift; sourceTree = "<group>"; };
		2E9607781ACDDA980BEC8526 /* PlayTab.swift */ = {isa = PBXFileReference; lastKnownFileType = sourcecode.swift; path = PlayTab.swift; sourceTree = "<group>"; };
		2EA4CE19DE6F32BA93926153 /* SimpleReviewView.swift */ = {isa = PBXFileReference; lastKnownFileType = sourcecode.swift; path = SimpleReviewView.swift; sourceTree = "<group>"; };
		30522C6D9ED9B62E235E7FA3 /* LessonsTab.swift */ = {isa = PBXFileReference; lastKnownFileType = sourcecode.swift; path = LessonsTab.swift; sourceTree = "<group>"; };
		34E8CA62FC1180E65C20551D /* Notifications.swift */ = {isa = PBXFileReference; lastKnownFileType = sourcecode.swift; path = Notifications.swift; sourceTree = "<group>"; };
		3633484FE9FBF49DC265011D /* FrameForkTests.xctest */ = {isa = PBXFileReference; includeInIndex = 0; lastKnownFileType = wrapper.cfbundle; path = FrameForkTests.xctest; sourceTree = BUILT_PRODUCTS_DIR; };
		367178AF682AEF3AB90EE73E /* ToneSynth.swift */ = {isa = PBXFileReference; lastKnownFileType = sourcecode.swift; path = ToneSynth.swift; sourceTree = "<group>"; };
		37590D7A9CB548A0D3C2A57F /* TechniquePlainTests.swift */ = {isa = PBXFileReference; lastKnownFileType = sourcecode.swift; path = TechniquePlainTests.swift; sourceTree = "<group>"; };
		3A6554761943D7E4BF1191E3 /* Assets.xcassets */ = {isa = PBXFileReference; lastKnownFileType = folder.assetcatalog; path = Assets.xcassets; sourceTree = "<group>"; };
		3CF51837D9938CB27DBCA06A /* Typography.swift */ = {isa = PBXFileReference; lastKnownFileType = sourcecode.swift; path = Typography.swift; sourceTree = "<group>"; };
		3F048C2059E8C358EE8D1BD6 /* CompanyProfile.swift */ = {isa = PBXFileReference; lastKnownFileType = sourcecode.swift; path = CompanyProfile.swift; sourceTree = "<group>"; };
		4107B3D3078F39592C7E7F30 /* Puzzle.swift */ = {isa = PBXFileReference; lastKnownFileType = sourcecode.swift; path = Puzzle.swift; sourceTree = "<group>"; };
		4A591EE0BA7E2E2C42E4997D /* Verdict.swift */ = {isa = PBXFileReference; lastKnownFileType = sourcecode.swift; path = Verdict.swift; sourceTree = "<group>"; };
		4FF23B5CE32E6033AFBC52FF /* TranscriptSheet.swift */ = {isa = PBXFileReference; lastKnownFileType = sourcecode.swift; path = TranscriptSheet.swift; sourceTree = "<group>"; };
		506BA14443F5E9E595F47DE2 /* MasterGame.swift */ = {isa = PBXFileReference; lastKnownFileType = sourcecode.swift; path = MasterGame.swift; sourceTree = "<group>"; };
		54908C328B57E350F6C5DD0F /* Transcript.swift */ = {isa = PBXFileReference; lastKnownFileType = sourcecode.swift; path = Transcript.swift; sourceTree = "<group>"; };
		5CE14E0DF3A2454CD557BFA8 /* LessonDetailView.swift */ = {isa = PBXFileReference; lastKnownFileType = sourcecode.swift; path = LessonDetailView.swift; sourceTree = "<group>"; };
		5CF8DFB5721E78D001137200 /* Transcripts.swift */ = {isa = PBXFileReference; lastKnownFileType = sourcecode.swift; path = Transcripts.swift; sourceTree = "<group>"; };
		5FA42E309B90572DCBEC6D1E /* Glicko2.swift */ = {isa = PBXFileReference; lastKnownFileType = sourcecode.swift; path = Glicko2.swift; sourceTree = "<group>"; };
		633CCA23E9DC053870DEC6AF /* PuzzleCandidateButton.swift */ = {isa = PBXFileReference; lastKnownFileType = sourcecode.swift; path = PuzzleCandidateButton.swift; sourceTree = "<group>"; };
		64695F2B243C569CBD43BD49 /* EloBand.swift */ = {isa = PBXFileReference; lastKnownFileType = sourcecode.swift; path = EloBand.swift; sourceTree = "<group>"; };
		6A4373BAEFA031FE46236CA5 /* PuzzlesTab.swift */ = {isa = PBXFileReference; lastKnownFileType = sourcecode.swift; path = PuzzlesTab.swift; sourceTree = "<group>"; };
		70ADEEFCC893844434E893CC /* LiveGameView.swift */ = {isa = PBXFileReference; lastKnownFileType = sourcecode.swift; path = LiveGameView.swift; sourceTree = "<group>"; };
		76D8BB57E3FB6864C7A708E2 /* Persona.swift */ = {isa = PBXFileReference; lastKnownFileType = sourcecode.swift; path = Persona.swift; sourceTree = "<group>"; };
		7BFAA185D4A03A07147683B7 /* Storage.swift */ = {isa = PBXFileReference; lastKnownFileType = sourcecode.swift; path = Storage.swift; sourceTree = "<group>"; };
		7D0F1E4B7C27B04ACBF57394 /* MissReviewView.swift */ = {isa = PBXFileReference; lastKnownFileType = sourcecode.swift; path = MissReviewView.swift; sourceTree = "<group>"; };
		8ACD9B47D470726B72FE7DEF /* Arcs.swift */ = {isa = PBXFileReference; lastKnownFileType = sourcecode.swift; path = Arcs.swift; sourceTree = "<group>"; };
		8CF2E39162C00DE2FB49B090 /* PuzzleBankInvariantTests.swift */ = {isa = PBXFileReference; lastKnownFileType = sourcecode.swift; path = PuzzleBankInvariantTests.swift; sourceTree = "<group>"; };
		90D76D6BCD5101570A81000E /* OnboardingView.swift */ = {isa = PBXFileReference; lastKnownFileType = sourcecode.swift; path = OnboardingView.swift; sourceTree = "<group>"; };
		9DB6020005DEEB7F046566F3 /* PaywallView.swift */ = {isa = PBXFileReference; lastKnownFileType = sourcecode.swift; path = PaywallView.swift; sourceTree = "<group>"; };
		A2C0265462E2A8DACFAD7D45 /* SettingsView.swift */ = {isa = PBXFileReference; lastKnownFileType = sourcecode.swift; path = SettingsView.swift; sourceTree = "<group>"; };
		A460B46DAF261F28BB62490B /* DetectorLocal.swift */ = {isa = PBXFileReference; lastKnownFileType = sourcecode.swift; path = DetectorLocal.swift; sourceTree = "<group>"; };
		A5E03B0DE1CCB8737079157B /* GameHistoryDetailView.swift */ = {isa = PBXFileReference; lastKnownFileType = sourcecode.swift; path = GameHistoryDetailView.swift; sourceTree = "<group>"; };
		A6D7872A5C5758286A9B927A /* RootTabView.swift */ = {isa = PBXFileReference; lastKnownFileType = sourcecode.swift; path = RootTabView.swift; sourceTree = "<group>"; };
		A750ABF68E6F2F95708AFFE0 /* PrimaryButton.swift */ = {isa = PBXFileReference; lastKnownFileType = sourcecode.swift; path = PrimaryButton.swift; sourceTree = "<group>"; };
		A7C6A4267B8E6873EB275D31 /* RegressionTests.swift */ = {isa = PBXFileReference; lastKnownFileType = sourcecode.swift; path = RegressionTests.swift; sourceTree = "<group>"; };
		ABC144E40CA237C6EB16C9BE /* SubscriptionStore.swift */ = {isa = PBXFileReference; lastKnownFileType = sourcecode.swift; path = SubscriptionStore.swift; sourceTree = "<group>"; };
		B5214607DD4548970765E8BD /* AIConsentTests.swift */ = {isa = PBXFileReference; lastKnownFileType = sourcecode.swift; path = AIConsentTests.swift; sourceTree = "<group>"; };
		B9CC9E38E812395F69DAAFFD /* FrameForkUITests.xctest */ = {isa = PBXFileReference; includeInIndex = 0; lastKnownFileType = wrapper.cfbundle; path = FrameForkUITests.xctest; sourceTree = BUILT_PRODUCTS_DIR; };
		BB794272545B6108687A7F9E /* Info.plist */ = {isa = PBXFileReference; lastKnownFileType = text.plist; path = Info.plist; sourceTree = "<group>"; };
		BC4344D66BB719642D8B93B7 /* SparringFlowUITests.swift */ = {isa = PBXFileReference; lastKnownFileType = sourcecode.swift; path = SparringFlowUITests.swift; sourceTree = "<group>"; };
		BCDCC8C89C39BEEF278DA158 /* Personas.swift */ = {isa = PBXFileReference; lastKnownFileType = sourcecode.swift; path = Personas.swift; sourceTree = "<group>"; };
		C0BD00C65FA0BD0FFB5DF2FC /* Keychain.swift */ = {isa = PBXFileReference; lastKnownFileType = sourcecode.swift; path = Keychain.swift; sourceTree = "<group>"; };
		C4678D356645808D5302B54D /* FrameFork.app */ = {isa = PBXFileReference; includeInIndex = 0; lastKnownFileType = wrapper.application; path = FrameFork.app; sourceTree = BUILT_PRODUCTS_DIR; };
		C50A208D0C7DFFA5EBF51ED8 /* RolePlayJudgment.swift */ = {isa = PBXFileReference; lastKnownFileType = sourcecode.swift; path = RolePlayJudgment.swift; sourceTree = "<group>"; };
		C744D4A73626E638B471BB26 /* FirstRunStringsTests.swift */ = {isa = PBXFileReference; lastKnownFileType = sourcecode.swift; path = FirstRunStringsTests.swift; sourceTree = "<group>"; };
		C993EB8D0414A4BD6195466D /* PuzzleSolveView.swift */ = {isa = PBXFileReference; lastKnownFileType = sourcecode.swift; path = PuzzleSolveView.swift; sourceTree = "<group>"; };
		CA0BD62F36AAD834CB5601B1 /* WatchTab.swift */ = {isa = PBXFileReference; lastKnownFileType = sourcecode.swift; path = WatchTab.swift; sourceTree = "<group>"; };
		CE1730A32AB636F304269C91 /* BrandColors.swift */ = {isa = PBXFileReference; lastKnownFileType = sourcecode.swift; path = BrandColors.swift; sourceTree = "<group>"; };
		D043F382DC53551837731FFD /* SparringArc.swift */ = {isa = PBXFileReference; lastKnownFileType = sourcecode.swift; path = SparringArc.swift; sourceTree = "<group>"; };
		D4656CCEBAF2A6A3A0C06D5E /* Technique.swift */ = {isa = PBXFileReference; lastKnownFileType = sourcecode.swift; path = Technique.swift; sourceTree = "<group>"; };
		D851339D08442110151A39DD /* Techniques.swift */ = {isa = PBXFileReference; lastKnownFileType = sourcecode.swift; path = Techniques.swift; sourceTree = "<group>"; };
		D8DE88FD4FECF4DAE17CA497 /* AIConsent.swift */ = {isa = PBXFileReference; lastKnownFileType = sourcecode.swift; path = AIConsent.swift; sourceTree = "<group>"; };
		DC969AAA3FE0B0B16EC6200B /* puzzle-bank-invariants.json */ = {isa = PBXFileReference; lastKnownFileType = text.json; path = "puzzle-bank-invariants.json"; sourceTree = "<group>"; };
		DF2BAEC4166E075A279091D1 /* World.swift */ = {isa = PBXFileReference; lastKnownFileType = sourcecode.swift; path = World.swift; sourceTree = "<group>"; };
		E5A4531C78DA44C8B069C986 /* EvalCurveView.swift */ = {isa = PBXFileReference; lastKnownFileType = sourcecode.swift; path = EvalCurveView.swift; sourceTree = "<group>"; };
		E6192F27BB239B044C4F3796 /* SafetySpineTests.swift */ = {isa = PBXFileReference; lastKnownFileType = sourcecode.swift; path = SafetySpineTests.swift; sourceTree = "<group>"; };
		EFC59B171E990662163049DA /* PreGameView.swift */ = {isa = PBXFileReference; lastKnownFileType = sourcecode.swift; path = PreGameView.swift; sourceTree = "<group>"; };
		F014D2147E4D1E14969CC440 /* ShareCard.swift */ = {isa = PBXFileReference; lastKnownFileType = sourcecode.swift; path = ShareCard.swift; sourceTree = "<group>"; };
		F3C282226DA03E5F47D16311 /* FrameForkApp.swift */ = {isa = PBXFileReference; lastKnownFileType = sourcecode.swift; path = FrameForkApp.swift; sourceTree = "<group>"; };
		F57AB583662D8D32A672819A /* FeatureFlags.swift */ = {isa = PBXFileReference; lastKnownFileType = sourcecode.swift; path = FeatureFlags.swift; sourceTree = "<group>"; };
/* End PBXFileReference section */

/* Begin PBXGroup section */
		11F39DFD45DC110865521256 /* Puzzle */ = {
			isa = PBXGroup;
			children = (
				7D0F1E4B7C27B04ACBF57394 /* MissReviewView.swift */,
				633CCA23E9DC053870DEC6AF /* PuzzleCandidateButton.swift */,
				C993EB8D0414A4BD6195466D /* PuzzleSolveView.swift */,
				4FF23B5CE32E6033AFBC52FF /* TranscriptSheet.swift */,
			);
			path = Puzzle;
			sourceTree = "<group>";
		};
		182F55E23236A46930AA7C92 /* FrameFork */ = {
			isa = PBXGroup;
			children = (
				3A6554761943D7E4BF1191E3 /* Assets.xcassets */,
				BB794272545B6108687A7F9E /* Info.plist */,
				15A75CFC6D5F149F806A7464 /* PrivacyInfo.xcprivacy */,
				BD33A973FACD68ED234762BE /* App */,
				22DD3F0D078FF1BFC0A8EA8D /* Data */,
				40D4967C2CD8C41940758AF2 /* Engine */,
				FF4931F358CD074CBCDB8803 /* Models */,
				AE1E31F42787D81D2A93A0A1 /* Theme */,
				87EE367640377733F1ECBE93 /* Views */,
			);
			path = FrameFork;
			sourceTree = "<group>";
		};
		22DD3F0D078FF1BFC0A8EA8D /* Data */ = {
			isa = PBXGroup;
			children = (
				8ACD9B47D470726B72FE7DEF /* Arcs.swift */,
				1F99EA89A6A442CAB4323825 /* MasterGames.swift */,
				BCDCC8C89C39BEEF278DA158 /* Personas.swift */,
				0D647DDA23ED8176AE61BA42 /* Puzzles.swift */,
				D851339D08442110151A39DD /* Techniques.swift */,
				5CF8DFB5721E78D001137200 /* Transcripts.swift */,
			);
			path = Data;
			sourceTree = "<group>";
		};
		40D4967C2CD8C41940758AF2 /* Engine */ = {
			isa = PBXGroup;
			children = (
				D8DE88FD4FECF4DAE17CA497 /* AIConsent.swift */,
				1E5C38B675BEAA16EFDD0E4D /* AnthropicClient.swift */,
				A460B46DAF261F28BB62490B /* DetectorLocal.swift */,
				056B3740A3F2492B4F6C524B /* Eval.swift */,
				F57AB583662D8D32A672819A /* FeatureFlags.swift */,
				5FA42E309B90572DCBEC6D1E /* Glicko2.swift */,
				C0BD00C65FA0BD0FFB5DF2FC /* Keychain.swift */,
				34E8CA62FC1180E65C20551D /* Notifications.swift */,
				7BFAA185D4A03A07147683B7 /* Storage.swift */,
				ABC144E40CA237C6EB16C9BE /* SubscriptionStore.swift */,
				367178AF682AEF3AB90EE73E /* ToneSynth.swift */,
			);
			path = Engine;
			sourceTree = "<group>";
		};
		491DB06EF66EED836CC7A556 /* Settings */ = {
			isa = PBXGroup;
			children = (
				032A67D60E2C5A1F9135272F /* CompanyProfileView.swift */,
				9DB6020005DEEB7F046566F3 /* PaywallView.swift */,
				A2C0265462E2A8DACFAD7D45 /* SettingsView.swift */,
			);
			path = Settings;
			sourceTree = "<group>";
		};
		5285CFAEEE15D723FAE273B2 /* Tabs */ = {
			isa = PBXGroup;
			children = (
				5CE14E0DF3A2454CD557BFA8 /* LessonDetailView.swift */,
				30522C6D9ED9B62E235E7FA3 /* LessonsTab.swift */,
				2E9607781ACDDA980BEC8526 /* PlayTab.swift */,
				2A9A86E2A72BF25DB6C98478 /* ProfileTab.swift */,
				6A4373BAEFA031FE46236CA5 /* PuzzlesTab.swift */,
				CA0BD62F36AAD834CB5601B1 /* WatchTab.swift */,
			);
			path = Tabs;
			sourceTree = "<group>";
		};
		57CE03B9EC59532DBB3A03D0 /* Products */ = {
			isa = PBXGroup;
			children = (
				C4678D356645808D5302B54D /* FrameFork.app */,
				3633484FE9FBF49DC265011D /* FrameForkTests.xctest */,
				B9CC9E38E812395F69DAAFFD /* FrameForkUITests.xctest */,
			);
			name = Products;
			sourceTree = "<group>";
		};
		87EE367640377733F1ECBE93 /* Views */ = {
			isa = PBXGroup;
			children = (
				FFA1EE800F50FFC1426A2506 /* Components */,
				EFE9A2B2B4E6A6F40C1702A7 /* MasterGame */,
				F2FAAC4A020AA8714E9BA4F7 /* Onboarding */,
				935893F1FBE5C7067C1D5C0F /* Play */,
				D451DE1E2598BC20EC62E1C8 /* Profile */,
				11F39DFD45DC110865521256 /* Puzzle */,
				491DB06EF66EED836CC7A556 /* Settings */,
				5285CFAEEE15D723FAE273B2 /* Tabs */,
			);
			path = Views;
			sourceTree = "<group>";
		};
		935893F1FBE5C7067C1D5C0F /* Play */ = {
			isa = PBXGroup;
			children = (
				A5E03B0DE1CCB8737079157B /* GameHistoryDetailView.swift */,
				70ADEEFCC893844434E893CC /* LiveGameView.swift */,
				EFC59B171E990662163049DA /* PreGameView.swift */,
				2EA4CE19DE6F32BA93926153 /* SimpleReviewView.swift */,
				1FD06A23DB9EF6F376F53E75 /* SparringView.swift */,
			);
			path = Play;
			sourceTree = "<group>";
		};
		9C6BBBA4A984F32CA589A9DD /* Fixtures */ = {
			isa = PBXGroup;
			children = (
				DC969AAA3FE0B0B16EC6200B /* puzzle-bank-invariants.json */,
			);
			path = Fixtures;
			sourceTree = "<group>";
		};
		AE1E31F42787D81D2A93A0A1 /* Theme */ = {
			isa = PBXGroup;
			children = (
				CE1730A32AB636F304269C91 /* BrandColors.swift */,
				2899BCECCBB676637F6C7A57 /* Haptics.swift */,
				3CF51837D9938CB27DBCA06A /* Typography.swift */,
				DF2BAEC4166E075A279091D1 /* World.swift */,
			);
			path = Theme;
			sourceTree = "<group>";
		};
		B2CB51499D06A011F0D95570 /* FrameForkTests */ = {
			isa = PBXGroup;
			children = (
				B5214607DD4548970765E8BD /* AIConsentTests.swift */,
				C744D4A73626E638B471BB26 /* FirstRunStringsTests.swift */,
				8CF2E39162C00DE2FB49B090 /* PuzzleBankInvariantTests.swift */,
				A7C6A4267B8E6873EB275D31 /* RegressionTests.swift */,
				E6192F27BB239B044C4F3796 /* SafetySpineTests.swift */,
				37590D7A9CB548A0D3C2A57F /* TechniquePlainTests.swift */,
				9C6BBBA4A984F32CA589A9DD /* Fixtures */,
			);
			path = FrameForkTests;
			sourceTree = "<group>";
		};
		BD33A973FACD68ED234762BE /* App */ = {
			isa = PBXGroup;
			children = (
				F3C282226DA03E5F47D16311 /* FrameForkApp.swift */,
				A6D7872A5C5758286A9B927A /* RootTabView.swift */,
			);
			path = App;
			sourceTree = "<group>";
		};
		D451DE1E2598BC20EC62E1C8 /* Profile */ = {
			isa = PBXGroup;
			children = (
				20B2623EE4870DB1296EA58A /* RatingTrajectory.swift */,
				F014D2147E4D1E14969CC440 /* ShareCard.swift */,
			);
			path = Profile;
			sourceTree = "<group>";
		};
		E25A36D72B10B6F6CEB35DEF = {
			isa = PBXGroup;
			children = (
				182F55E23236A46930AA7C92 /* FrameFork */,
				B2CB51499D06A011F0D95570 /* FrameForkTests */,
				E948D0E2D03EAFF5682AF9F3 /* FrameForkUITests */,
				57CE03B9EC59532DBB3A03D0 /* Products */,
			);
			sourceTree = "<group>";
		};
		E948D0E2D03EAFF5682AF9F3 /* FrameForkUITests */ = {
			isa = PBXGroup;
			children = (
				BC4344D66BB719642D8B93B7 /* SparringFlowUITests.swift */,
			);
			path = FrameForkUITests;
			sourceTree = "<group>";
		};
		EFE9A2B2B4E6A6F40C1702A7 /* MasterGame */ = {
			isa = PBXGroup;
			children = (
				E5A4531C78DA44C8B069C986 /* EvalCurveView.swift */,
				220775A0781B7279EF710491 /* MasterGameViewer.swift */,
			);
			path = MasterGame;
			sourceTree = "<group>";
		};
		F2FAAC4A020AA8714E9BA4F7 /* Onboarding */ = {
			isa = PBXGroup;
			children = (
				90D76D6BCD5101570A81000E /* OnboardingView.swift */,
			);
			path = Onboarding;
			sourceTree = "<group>";
		};
		FF4931F358CD074CBCDB8803 /* Models */ = {
			isa = PBXGroup;
			children = (
				3F048C2059E8C358EE8D1BD6 /* CompanyProfile.swift */,
				64695F2B243C569CBD43BD49 /* EloBand.swift */,
				506BA14443F5E9E595F47DE2 /* MasterGame.swift */,
				76D8BB57E3FB6864C7A708E2 /* Persona.swift */,
				4107B3D3078F39592C7E7F30 /* Puzzle.swift */,
				C50A208D0C7DFFA5EBF51ED8 /* RolePlayJudgment.swift */,
				D043F382DC53551837731FFD /* SparringArc.swift */,
				D4656CCEBAF2A6A3A0C06D5E /* Technique.swift */,
				54908C328B57E350F6C5DD0F /* Transcript.swift */,
				4A591EE0BA7E2E2C42E4997D /* Verdict.swift */,
			);
			path = Models;
			sourceTree = "<group>";
		};
		FFA1EE800F50FFC1426A2506 /* Components */ = {
			isa = PBXGroup;
			children = (
				2B9A8E162D21C512FF26BFD4 /* AIConsentSheet.swift */,
				A750ABF68E6F2F95708AFFE0 /* PrimaryButton.swift */,
				12AF68B176587F559D573D2D /* TitleBadge.swift */,
			);
			path = Components;
			sourceTree = "<group>";
		};
/* End PBXGroup section */

/* Begin PBXNativeTarget section */
		3EA98F2540919B7FCBD0F6E1 /* FrameForkTests */ = {
			isa = PBXNativeTarget;
			buildConfigurationList = 634A3D2FBE1497BC5E548C2C /* Build configuration list for PBXNativeTarget "FrameForkTests" */;
			buildPhases = (
				89E95AE0F04921565CC7DE45 /* Sources */,
				BC59F181C9460B8AF47D8F39 /* Resources */,
			);
			buildRules = (
			);
			dependencies = (
				A731EF0A72B054CC0F98DCF1 /* PBXTargetDependency */,
			);
			name = FrameForkTests;
			packageProductDependencies = (
			);
			productName = FrameForkTests;
			productReference = 3633484FE9FBF49DC265011D /* FrameForkTests.xctest */;
			productType = "com.apple.product-type.bundle.unit-test";
		};
		C3958ECED629A9236D731870 /* FrameForkUITests */ = {
			isa = PBXNativeTarget;
			buildConfigurationList = C6E0E8ACB453FF14969FF546 /* Build configuration list for PBXNativeTarget "FrameForkUITests" */;
			buildPhases = (
				DFC3A988758762B9F262DEF5 /* Sources */,
			);
			buildRules = (
			);
			dependencies = (
				F6DA8E8B3E7439D7300AE42E /* PBXTargetDependency */,
			);
			name = FrameForkUITests;
			packageProductDependencies = (
			);
			productName = FrameForkUITests;
			productReference = B9CC9E38E812395F69DAAFFD /* FrameForkUITests.xctest */;
			productType = "com.apple.product-type.bundle.ui-testing";
		};
		EC29DB746E519058B9DCAAA1 /* FrameFork */ = {
			isa = PBXNativeTarget;
			buildConfigurationList = 541908EB21D6080BC7BFC356 /* Build configuration list for PBXNativeTarget "FrameFork" */;
			buildPhases = (
				A7CF708F3654B8FB461A4B72 /* Sources */,
				44CD79B3B68CEF355246641F /* Resources */,
			);
			buildRules = (
			);
			dependencies = (
			);
			name = FrameFork;
			packageProductDependencies = (
			);
			productName = FrameFork;
			productReference = C4678D356645808D5302B54D /* FrameFork.app */;
			productType = "com.apple.product-type.application";
		};
/* End PBXNativeTarget section */

/* Begin PBXProject section */
		0879ACE8C979852F4078C28B /* Project object */ = {
			isa = PBXProject;
			attributes = {
				BuildIndependentTargetsInParallel = YES;
				LastUpgradeCheck = 1600;
				TargetAttributes = {
					3EA98F2540919B7FCBD0F6E1 = {
						DevelopmentTeam = Q242KWQD56;
					};
					C3958ECED629A9236D731870 = {
						DevelopmentTeam = Q242KWQD56;
						TestTargetID = EC29DB746E519058B9DCAAA1;
					};
					EC29DB746E519058B9DCAAA1 = {
						DevelopmentTeam = Q242KWQD56;
					};
				};
			};
			buildConfigurationList = 9C4A1D6CA6C67C3625C348BF /* Build configuration list for PBXProject "FrameFork" */;
			developmentRegion = en;
			hasScannedForEncodings = 0;
			knownRegions = (
				Base,
				en,
			);
			mainGroup = E25A36D72B10B6F6CEB35DEF;
			minimizedProjectReferenceProxies = 1;
			preferredProjectObjectVersion = 77;
			productRefGroup = 57CE03B9EC59532DBB3A03D0 /* Products */;
			projectDirPath = "";
			projectRoot = "";
			targets = (
				EC29DB746E519058B9DCAAA1 /* FrameFork */,
				3EA98F2540919B7FCBD0F6E1 /* FrameForkTests */,
				C3958ECED629A9236D731870 /* FrameForkUITests */,
			);
		};
/* End PBXProject section */

/* Begin PBXResourcesBuildPhase section */
		44CD79B3B68CEF355246641F /* Resources */ = {
			isa = PBXResourcesBuildPhase;
			buildActionMask = 2147483647;
			files = (
				EAB9E35166231EE03442C6C1 /* Assets.xcassets in Resources */,
				F7952E9A522985453C8664F2 /* PrivacyInfo.xcprivacy in Resources */,
			);
			runOnlyForDeploymentPostprocessing = 0;
		};
		BC59F181C9460B8AF47D8F39 /* Resources */ = {
			isa = PBXResourcesBuildPhase;
			buildActionMask = 2147483647;
			files = (
				9C4AF7D84ED34D5A2AE560FD /* puzzle-bank-invariants.json in Resources */,
			);
			runOnlyForDeploymentPostprocessing = 0;
		};
/* End PBXResourcesBuildPhase section */

/* Begin PBXSourcesBuildPhase section */
		89E95AE0F04921565CC7DE45 /* Sources */ = {
			isa = PBXSourcesBuildPhase;
			buildActionMask = 2147483647;
			files = (
				AE434DDF6AFD68872B669A7C /* AIConsentTests.swift in Sources */,
				FB5DE6AAEBF524CCA581A450 /* FirstRunStringsTests.swift in Sources */,
				87B69F60BDFC20BA4E28EE6F /* PuzzleBankInvariantTests.swift in Sources */,
				C4E77E7F159B48D8C8875A75 /* RegressionTests.swift in Sources */,
				533BF6367627B96149F0C752 /* SafetySpineTests.swift in Sources */,
				8653436BA23B95D315D7823B /* TechniquePlainTests.swift in Sources */,
			);
			runOnlyForDeploymentPostprocessing = 0;
		};
		A7CF708F3654B8FB461A4B72 /* Sources */ = {
			isa = PBXSourcesBuildPhase;
			buildActionMask = 2147483647;
			files = (
				868593CB9B1FBE17192FA8E2 /* AIConsent.swift in Sources */,
				0B1870F896887749FAFE7115 /* AIConsentSheet.swift in Sources */,
				D89FCAC522BC1713432DBDC9 /* AnthropicClient.swift in Sources */,
				DE1DFA86E55BAC5253125DA7 /* Arcs.swift in Sources */,
				894A4556B5C8A09FDD4CD9F6 /* BrandColors.swift in Sources */,
				8BCEC6E9600481DAD026EAC3 /* CompanyProfile.swift in Sources */,
				054020AF5CEC241FF89F0B0A /* CompanyProfileView.swift in Sources */,
				B6AA390C5D183C11FDB34208 /* DetectorLocal.swift in Sources */,
				D39721075AC70E7BBB40B8D6 /* EloBand.swift in Sources */,
				2A736994298DB6955952684F /* Eval.swift in Sources */,
				90269AD7AFE1345B393978D7 /* EvalCurveView.swift in Sources */,
				BAA98E5D7D9DE5C5AE089875 /* FeatureFlags.swift in Sources */,
				3284A5E5C7AC23DB6C3BF743 /* FrameForkApp.swift in Sources */,
				1B2FEC3AE80CC8460A7DD0AF /* GameHistoryDetailView.swift in Sources */,
				6E8B7B1722158050C812D086 /* Glicko2.swift in Sources */,
				CB2317FEC4F47D2317B9CC19 /* Haptics.swift in Sources */,
				B78B25E1CBE9E88FE7B5255E /* Keychain.swift in Sources */,
				5D976DDBF3F8E34ADA246060 /* LessonDetailView.swift in Sources */,
				53397EB31B14122C79F03D04 /* LessonsTab.swift in Sources */,
				9C34976FBC0BD1003D2D8548 /* LiveGameView.swift in Sources */,
				F7194E77697CA6ABCDC02942 /* MasterGame.swift in Sources */,
				9C483BE875FCA51612891A14 /* MasterGameViewer.swift in Sources */,
				780295C7C1076EDF1E7F789B /* MasterGames.swift in Sources */,
				237BDEB9C33DC5D05600D8B5 /* MissReviewView.swift in Sources */,
				ABD7C7EC4D4854E8A91EC4EF /* Notifications.swift in Sources */,
				7BB55540D0606FA7446CD1C0 /* OnboardingView.swift in Sources */,
				4C869E8CD52388F47F10C0AA /* PaywallView.swift in Sources */,
				286BA3068C922EC9976A180D /* Persona.swift in Sources */,
				DABFBBF59F2C550AAC0C815D /* Personas.swift in Sources */,
				CD36A41712C5A941595BFB82 /* PlayTab.swift in Sources */,
				84AEE923EA3AF935BBBE9DF3 /* PreGameView.swift in Sources */,
				532DB3A2FB694501CA17366C /* PrimaryButton.swift in Sources */,
				E93C90D65DAA044A927694BE /* ProfileTab.swift in Sources */,
				80F534EA9C2ED3740D38E32A /* Puzzle.swift in Sources */,
				F6BAE122405C8E23B764EF97 /* PuzzleCandidateButton.swift in Sources */,
				96FFEF6085A182F3A99B4325 /* PuzzleSolveView.swift in Sources */,
				987F19F01AD27DCAB9A89990 /* Puzzles.swift in Sources */,
				9E1E3A125CDEA12DCBDC4173 /* PuzzlesTab.swift in Sources */,
				10A818AFBA4B01BC3691C055 /* RatingTrajectory.swift in Sources */,
				D317BC0D8DBC5A763854120A /* RolePlayJudgment.swift in Sources */,
				FF9F10DE789EC37C5D07F9BD /* RootTabView.swift in Sources */,
				E6F345A5C856B06047D9A845 /* SettingsView.swift in Sources */,
				A8E8E9888DE72EAFE2802D4A /* ShareCard.swift in Sources */,
				A657D1DC383F16B7F83E2E0B /* SimpleReviewView.swift in Sources */,
				7C3BF0350E2BB7369336C4B0 /* SparringArc.swift in Sources */,
				91DA0CE81CCC56C2FA706920 /* SparringView.swift in Sources */,
				B1B3DAD2A5F791F510A8F93D /* Storage.swift in Sources */,
				C69555DD1687B78FBDFBA328 /* SubscriptionStore.swift in Sources */,
				00802EC06DBB1CDFC130B1C4 /* Technique.swift in Sources */,
				3991F70424A8457A12415D66 /* Techniques.swift in Sources */,
				0CF89FFE28F7F2648AC9E3F7 /* TitleBadge.swift in Sources */,
				01C3DEEA4574A14B3975C2F3 /* ToneSynth.swift in Sources */,
				4D7F3E3FE91B813D72BCC7D8 /* Transcript.swift in Sources */,
				7BB7C66619F79EA2E6AA3CBC /* TranscriptSheet.swift in Sources */,
				C7BC7E773E65BFCA31E36964 /* Transcripts.swift in Sources */,
				5AD61BDAC548DB5D5C6BA531 /* Typography.swift in Sources */,
				6504A13D05F4CBEEE5465D06 /* Verdict.swift in Sources */,
				8E73E47A51A6098270FF0AC7 /* WatchTab.swift in Sources */,
				9E71F7B34F312D53C8E015E5 /* World.swift in Sources */,
			);
			runOnlyForDeploymentPostprocessing = 0;
		};
		DFC3A988758762B9F262DEF5 /* Sources */ = {
			isa = PBXSourcesBuildPhase;
			buildActionMask = 2147483647;
			files = (
				05C55F4896805378FD009099 /* SparringFlowUITests.swift in Sources */,
			);
			runOnlyForDeploymentPostprocessing = 0;
		};
/* End PBXSourcesBuildPhase section */

/* Begin PBXTargetDependency section */
		A731EF0A72B054CC0F98DCF1 /* PBXTargetDependency */ = {
			isa = PBXTargetDependency;
			target = EC29DB746E519058B9DCAAA1 /* FrameFork */;
			targetProxy = 2EE7A34BE27B62BF198E65D7 /* PBXContainerItemProxy */;
		};
		F6DA8E8B3E7439D7300AE42E /* PBXTargetDependency */ = {
			isa = PBXTargetDependency;
			target = EC29DB746E519058B9DCAAA1 /* FrameFork */;
			targetProxy = B655E37BB462A107E14006AD /* PBXContainerItemProxy */;
		};
/* End PBXTargetDependency section */

/* Begin XCBuildConfiguration section */
		49E2F518FBDB6768260AAE92 /* Debug */ = {
			isa = XCBuildConfiguration;
			buildSettings = {
				BUNDLE_LOADER = "$(TEST_HOST)";
				GENERATE_INFOPLIST_FILE = YES;
				IPHONEOS_DEPLOYMENT_TARGET = 17.0;
				LD_RUNPATH_SEARCH_PATHS = (
					"$(inherited)",
					"@executable_path/Frameworks",
					"@loader_path/Frameworks",
				);
				PRODUCT_BUNDLE_IDENTIFIER = com.melmarion.FrameForkTests;
				SDKROOT = iphoneos;
				SWIFT_VERSION = 5.10;
				TARGETED_DEVICE_FAMILY = "1,2";
				TEST_HOST = "$(BUILT_PRODUCTS_DIR)/FrameFork.app/FrameFork";
			};
			name = Debug;
		};
		650269BB31D50523F4ECBB2C /* Debug */ = {
			isa = XCBuildConfiguration;
			buildSettings = {
				ALWAYS_SEARCH_USER_PATHS = NO;
				ASSETCATALOG_COMPILER_GENERATE_SWIFT_ASSET_SYMBOL_EXTENSIONS = YES;
				CLANG_ANALYZER_NONNULL = YES;
				CLANG_ANALYZER_NUMBER_OBJECT_CONVERSION = YES_AGGRESSIVE;
				CLANG_CXX_LANGUAGE_STANDARD = "gnu++14";
				CLANG_CXX_LIBRARY = "libc++";
				CLANG_ENABLE_MODULES = YES;
				CLANG_ENABLE_OBJC_ARC = YES;
				CLANG_ENABLE_OBJC_WEAK = YES;
				CLANG_WARN_BLOCK_CAPTURE_AUTORELEASING = YES;
				CLANG_WARN_BOOL_CONVERSION = YES;
				CLANG_WARN_COMMA = YES;
				CLANG_WARN_CONSTANT_CONVERSION = YES;
				CLANG_WARN_DEPRECATED_OBJC_IMPLEMENTATIONS = YES;
				CLANG_WARN_DIRECT_OBJC_ISA_USAGE = YES_ERROR;
				CLANG_WARN_DOCUMENTATION_COMMENTS = YES;
				CLANG_WARN_EMPTY_BODY = YES;
				CLANG_WARN_ENUM_CONVERSION = YES;
				CLANG_WARN_INFINITE_RECURSION = YES;
				CLANG_WARN_INT_CONVERSION = YES;
				CLANG_WARN_NON_LITERAL_NULL_CONVERSION = YES;
				CLANG_WARN_OBJC_IMPLICIT_RETAIN_SELF = YES;
				CLANG_WARN_OBJC_LITERAL_CONVERSION = YES;
				CLANG_WARN_OBJC_ROOT_CLASS = YES_ERROR;
				CLANG_WARN_QUOTED_INCLUDE_IN_FRAMEWORK_HEADER = YES;
				CLANG_WARN_RANGE_LOOP_ANALYSIS = YES;
				CLANG_WARN_STRICT_PROTOTYPES = YES;
				CLANG_WARN_SUSPICIOUS_MOVE = YES;
				CLANG_WARN_UNGUARDED_AVAILABILITY = YES_AGGRESSIVE;
				CLANG_WARN_UNREACHABLE_CODE = YES;
				CLANG_WARN__DUPLICATE_METHOD_MATCH = YES;
				COPY_PHASE_STRIP = NO;
				CURRENT_PROJECT_VERSION = 34;
				DEBUG_INFORMATION_FORMAT = dwarf;
				DEVELOPMENT_TEAM = Q242KWQD56;
				ENABLE_STRICT_OBJC_MSGSEND = YES;
				ENABLE_TESTABILITY = YES;
				GCC_C_LANGUAGE_STANDARD = gnu11;
				GCC_DYNAMIC_NO_PIC = NO;
				GCC_NO_COMMON_BLOCKS = YES;
				GCC_OPTIMIZATION_LEVEL = 0;
				GCC_PREPROCESSOR_DEFINITIONS = (
					"$(inherited)",
					"DEBUG=1",
				);
				GCC_WARN_64_TO_32_BIT_CONVERSION = YES;
				GCC_WARN_ABOUT_RETURN_TYPE = YES_ERROR;
				GCC_WARN_UNDECLARED_SELECTOR = YES;
				GCC_WARN_UNINITIALIZED_AUTOS = YES_AGGRESSIVE;
				GCC_WARN_UNUSED_FUNCTION = YES;
				GCC_WARN_UNUSED_VARIABLE = YES;
				IPHONEOS_DEPLOYMENT_TARGET = 17.0;
				MARKETING_VERSION = 1.1.1;
				MTL_ENABLE_DEBUG_INFO = INCLUDE_SOURCE;
				MTL_FAST_MATH = YES;
				ONLY_ACTIVE_ARCH = YES;
				PRODUCT_NAME = "$(TARGET_NAME)";
				SDKROOT = iphoneos;
				SWIFT_ACTIVE_COMPILATION_CONDITIONS = DEBUG;
				SWIFT_OPTIMIZATION_LEVEL = "-Onone";
				SWIFT_VERSION = 5.10;
			};
			name = Debug;
		};
		730EA2B13E715C8D8FC94DBD /* Debug */ = {
			isa = XCBuildConfiguration;
			buildSettings = {
				ASSETCATALOG_COMPILER_APPICON_NAME = AppIcon;
				ASSETCATALOG_COMPILER_GLOBAL_ACCENT_COLOR_NAME = BrandGreen;
				CODE_SIGN_IDENTITY = "iPhone Developer";
				ENABLE_USER_SCRIPT_SANDBOXING = NO;
				GENERATE_INFOPLIST_FILE = NO;
				INFOPLIST_FILE = FrameFork/Info.plist;
				INFOPLIST_KEY_UIApplicationSceneManifest_Generation = YES;
				INFOPLIST_KEY_UILaunchScreen_Generation = YES;
				INFOPLIST_KEY_UIRequiresFullScreen = NO;
				INFOPLIST_KEY_UIStatusBarStyle = UIStatusBarStyleLightContent;
				INFOPLIST_KEY_UIUserInterfaceStyle = Dark;
				IPHONEOS_DEPLOYMENT_TARGET = 17.0;
				LD_RUNPATH_SEARCH_PATHS = (
					"$(inherited)",
					"@executable_path/Frameworks",
				);
				PRODUCT_BUNDLE_IDENTIFIER = com.melmarion.FrameFork;
				SDKROOT = iphoneos;
				SWIFT_STRICT_CONCURRENCY = minimal;
				TARGETED_DEVICE_FAMILY = "1,2";
			};
			name = Debug;
		};
		7F8E1402681AB1EA9F3AEFE8 /* Release */ = {
			isa = XCBuildConfiguration;
			buildSettings = {
				ASSETCATALOG_COMPILER_APPICON_NAME = AppIcon;
				ASSETCATALOG_COMPILER_GLOBAL_ACCENT_COLOR_NAME = BrandGreen;
				CODE_SIGN_IDENTITY = "iPhone Developer";
				ENABLE_USER_SCRIPT_SANDBOXING = NO;
				GENERATE_INFOPLIST_FILE = NO;
				INFOPLIST_FILE = FrameFork/Info.plist;
				INFOPLIST_KEY_UIApplicationSceneManifest_Generation = YES;
				INFOPLIST_KEY_UILaunchScreen_Generation = YES;
				INFOPLIST_KEY_UIRequiresFullScreen = NO;
				INFOPLIST_KEY_UIStatusBarStyle = UIStatusBarStyleLightContent;
				INFOPLIST_KEY_UIUserInterfaceStyle = Dark;
				IPHONEOS_DEPLOYMENT_TARGET = 17.0;
				LD_RUNPATH_SEARCH_PATHS = (
					"$(inherited)",
					"@executable_path/Frameworks",
				);
				PRODUCT_BUNDLE_IDENTIFIER = com.melmarion.FrameFork;
				SDKROOT = iphoneos;
				SWIFT_STRICT_CONCURRENCY = minimal;
				TARGETED_DEVICE_FAMILY = "1,2";
			};
			name = Release;
		};
		885E33CBDD6D0D6B8696180A /* Debug */ = {
			isa = XCBuildConfiguration;
			buildSettings = {
				BUNDLE_LOADER = "$(TEST_HOST)";
				GENERATE_INFOPLIST_FILE = YES;
				IPHONEOS_DEPLOYMENT_TARGET = 17.0;
				LD_RUNPATH_SEARCH_PATHS = (
					"$(inherited)",
					"@executable_path/Frameworks",
					"@loader_path/Frameworks",
				);
				PRODUCT_BUNDLE_IDENTIFIER = com.melmarion.FrameForkUITests;
				SDKROOT = iphoneos;
				SWIFT_VERSION = 5.10;
				TARGETED_DEVICE_FAMILY = "1,2";
				TEST_TARGET_NAME = FrameFork;
			};
			name = Debug;
		};
		90367B4E52671ECF93932B17 /* Release */ = {
			isa = XCBuildConfiguration;
			buildSettings = {
				BUNDLE_LOADER = "$(TEST_HOST)";
				GENERATE_INFOPLIST_FILE = YES;
				IPHONEOS_DEPLOYMENT_TARGET = 17.0;
				LD_RUNPATH_SEARCH_PATHS = (
					"$(inherited)",
					"@executable_path/Frameworks",
					"@loader_path/Frameworks",
				);
				PRODUCT_BUNDLE_IDENTIFIER = com.melmarion.FrameForkUITests;
				SDKROOT = iphoneos;
				SWIFT_VERSION = 5.10;
				TARGETED_DEVICE_FAMILY = "1,2";
				TEST_TARGET_NAME = FrameFork;
			};
			name = Release;
		};
		AD4EB652BA57CE5F4781D78C /* Release */ = {
			isa = XCBuildConfiguration;
			buildSettings = {
				BUNDLE_LOADER = "$(TEST_HOST)";
				GENERATE_INFOPLIST_FILE = YES;
				IPHONEOS_DEPLOYMENT_TARGET = 17.0;
				LD_RUNPATH_SEARCH_PATHS = (
					"$(inherited)",
					"@executable_path/Frameworks",
					"@loader_path/Frameworks",
				);
				PRODUCT_BUNDLE_IDENTIFIER = com.melmarion.FrameForkTests;
				SDKROOT = iphoneos;
				SWIFT_VERSION = 5.10;
				TARGETED_DEVICE_FAMILY = "1,2";
				TEST_HOST = "$(BUILT_PRODUCTS_DIR)/FrameFork.app/FrameFork";
			};
			name = Release;
		};
		D3FAB6AE5736C82852A7591A /* Release */ = {
			isa = XCBuildConfiguration;
			buildSettings = {
				ALWAYS_SEARCH_USER_PATHS = NO;
				ASSETCATALOG_COMPILER_GENERATE_SWIFT_ASSET_SYMBOL_EXTENSIONS = YES;
				CLANG_ANALYZER_NONNULL = YES;
				CLANG_ANALYZER_NUMBER_OBJECT_CONVERSION = YES_AGGRESSIVE;
				CLANG_CXX_LANGUAGE_STANDARD = "gnu++14";
				CLANG_CXX_LIBRARY = "libc++";
				CLANG_ENABLE_MODULES = YES;
				CLANG_ENABLE_OBJC_ARC = YES;
				CLANG_ENABLE_OBJC_WEAK = YES;
				CLANG_WARN_BLOCK_CAPTURE_AUTORELEASING = YES;
				CLANG_WARN_BOOL_CONVERSION = YES;
				CLANG_WARN_COMMA = YES;
				CLANG_WARN_CONSTANT_CONVERSION = YES;
				CLANG_WARN_DEPRECATED_OBJC_IMPLEMENTATIONS = YES;
				CLANG_WARN_DIRECT_OBJC_ISA_USAGE = YES_ERROR;
				CLANG_WARN_DOCUMENTATION_COMMENTS = YES;
				CLANG_WARN_EMPTY_BODY = YES;
				CLANG_WARN_ENUM_CONVERSION = YES;
				CLANG_WARN_INFINITE_RECURSION = YES;
				CLANG_WARN_INT_CONVERSION = YES;
				CLANG_WARN_NON_LITERAL_NULL_CONVERSION = YES;
				CLANG_WARN_OBJC_IMPLICIT_RETAIN_SELF = YES;
				CLANG_WARN_OBJC_LITERAL_CONVERSION = YES;
				CLANG_WARN_OBJC_ROOT_CLASS = YES_ERROR;
				CLANG_WARN_QUOTED_INCLUDE_IN_FRAMEWORK_HEADER = YES;
				CLANG_WARN_RANGE_LOOP_ANALYSIS = YES;
				CLANG_WARN_STRICT_PROTOTYPES = YES;
				CLANG_WARN_SUSPICIOUS_MOVE = YES;
				CLANG_WARN_UNGUARDED_AVAILABILITY = YES_AGGRESSIVE;
				CLANG_WARN_UNREACHABLE_CODE = YES;
				CLANG_WARN__DUPLICATE_METHOD_MATCH = YES;
				COPY_PHASE_STRIP = NO;
				CURRENT_PROJECT_VERSION = 34;
				DEBUG_INFORMATION_FORMAT = "dwarf-with-dsym";
				DEVELOPMENT_TEAM = Q242KWQD56;
				ENABLE_NS_ASSERTIONS = NO;
				ENABLE_STRICT_OBJC_MSGSEND = YES;
				GCC_C_LANGUAGE_STANDARD = gnu11;
				GCC_NO_COMMON_BLOCKS = YES;
				GCC_WARN_64_TO_32_BIT_CONVERSION = YES;
				GCC_WARN_ABOUT_RETURN_TYPE = YES_ERROR;
				GCC_WARN_UNDECLARED_SELECTOR = YES;
				GCC_WARN_UNINITIALIZED_AUTOS = YES_AGGRESSIVE;
				GCC_WARN_UNUSED_FUNCTION = YES;
				GCC_WARN_UNUSED_VARIABLE = YES;
				IPHONEOS_DEPLOYMENT_TARGET = 17.0;
				MARKETING_VERSION = 1.1.1;
				MTL_ENABLE_DEBUG_INFO = NO;
				MTL_FAST_MATH = YES;
				ONLY_ACTIVE_ARCH = NO;
				PRODUCT_NAME = "$(TARGET_NAME)";
				SDKROOT = iphoneos;
				SWIFT_COMPILATION_MODE = wholemodule;
				SWIFT_OPTIMIZATION_LEVEL = "-O";
				SWIFT_VERSION = 5.10;
			};
			name = Release;
		};
/* End XCBuildConfiguration section */

/* Begin XCConfigurationList section */
		541908EB21D6080BC7BFC356 /* Build configuration list for PBXNativeTarget "FrameFork" */ = {
			isa = XCConfigurationList;
			buildConfigurations = (
				730EA2B13E715C8D8FC94DBD /* Debug */,
				7F8E1402681AB1EA9F3AEFE8 /* Release */,
			);
			defaultConfigurationIsVisible = 0;
			defaultConfigurationName = Debug;
		};
		634A3D2FBE1497BC5E548C2C /* Build configuration list for PBXNativeTarget "FrameForkTests" */ = {
			isa = XCConfigurationList;
			buildConfigurations = (
				49E2F518FBDB6768260AAE92 /* Debug */,
				AD4EB652BA57CE5F4781D78C /* Release */,
			);
			defaultConfigurationIsVisible = 0;
			defaultConfigurationName = Debug;
		};
		9C4A1D6CA6C67C3625C348BF /* Build configuration list for PBXProject "FrameFork" */ = {
			isa = XCConfigurationList;
			buildConfigurations = (
				650269BB31D50523F4ECBB2C /* Debug */,
				D3FAB6AE5736C82852A7591A /* Release */,
			);
			defaultConfigurationIsVisible = 0;
			defaultConfigurationName = Debug;
		};
		C6E0E8ACB453FF14969FF546 /* Build configuration list for PBXNativeTarget "FrameForkUITests" */ = {
			isa = XCConfigurationList;
			buildConfigurations = (
				885E33CBDD6D0D6B8696180A /* Debug */,
				90367B4E52671ECF93932B17 /* Release */,
			);
			defaultConfigurationIsVisible = 0;
			defaultConfigurationName = Debug;
		};
/* End XCConfigurationList section */
	};
	rootObject = 0879ACE8C979852F4078C28B /* Project object */;
}
